
Microsoft Visual Studio Solution File, Format Version 12.00
# Visual Studio Version 17
VisualStudioVersion = 17.10.35013.160
MinimumVisualStudioVersion = 10.0.40219.1
Project("{FAE04EC0-301F-11D3-BF4B-00C04F79EFBC}") = "CaloCalc", "CaloCalc.csproj", "{6C465AC9-D963-4940-8102-5DE39A39759B}"
EndProject
Global
	GlobalSection(SolutionConfigurationPlatforms) = preSolution
		Debug|Any CPU = Debug|Any CPU
		Release|Any CPU = Release|Any CPU
	EndGlobalSection
	GlobalSection(ProjectConfigurationPlatforms) = postSolution
		{6C465AC9-D963-4940-8102-5DE39A39759B}.Debug|Any CPU.ActiveCfg = Debug|Any CPU
		{6C465AC9-D963-4940-8102-5DE39A39759B}.Debug|Any CPU.Build.0 = Debug|Any CPU
		{6C465AC9-D963-4940-8102-5DE39A39759B}.Release|Any CPU.ActiveCfg = Release|Any CPU
		{6C465AC9-D963-4940-8102-5DE39A39759B}.Release|Any CPU.Build.0 = Release|Any CPU
	EndGlobalSection
	GlobalSection(SolutionProperties) = preSolution
		HideSolutionNode = FALSE
	EndGlobalSection
	GlobalSection(ExtensibilityGlobals) = postSolution
		SolutionGuid = {B9AF7AB2-1F38-4540-AF84-AEEB98E6E396}
	EndGlobalSection
EndGlobal
